
Microsoft Visual Studio Solution File, Format Version 12.00
# Visual Studio Version 17
VisualStudioVersion = 17.11.35303.130
MinimumVisualStudioVersion = 10.0.40219.1
Project("{2150E333-8FDC-42A3-9474-1A3956D46DE8}") = "Task0", "Task0", "{211D9F49-9CEF-4C99-AA52-DDAC6B18E234}"
EndProject
Project("{FAE04EC0-301F-11D3-BF4B-00C04F79EFBC}") = "Tyuiu.AnishchenkoVA.Sprint5.Task0.V19", "Tyuiu.AnishchenkoVA.Sprint5.Task0.V19\Tyuiu.AnishchenkoVA.Sprint5.Task0.V19.csproj", "{EF994134-4504-405C-B950-E49A417A54A4}"
EndProject
Project("{FAE04EC0-301F-11D3-BF4B-00C04F79EFBC}") = "Tyuiu.AnishchenkoVA.Sprint5.Task0.V19.Lib", "Tyuiu.AnishchenkoVA.Sprint5.Task0.V19.Lib\Tyuiu.AnishchenkoVA.Sprint5.Task0.V19.Lib.csproj", "{22AAFD35-84BE-4E88-927F-4DA109A8A808}"
EndProject
Project("{FAE04EC0-301F-11D3-BF4B-00C04F79EFBC}") = "Tyuiu.AnishchenkoVA.Sprint5.Task0.V19.Test", "Tyuiu.AnishchenkoVA.Sprint5.Task0.V19.Test\Tyuiu.AnishchenkoVA.Sprint5.Task0.V19.Test.csproj", "{CF6ACA71-2BB4-4647-8412-508F3C79A409}"
EndProject
Project("{2150E333-8FDC-42A3-9474-1A3956D46DE8}") = "Task1", "Task1", "{8994A2A8-EA22-4170-9535-64DF0E295B7C}"
EndProject
Project("{FAE04EC0-301F-11D3-BF4B-00C04F79EFBC}") = "Tyuiu.AnishchenkoVA.Sprint5.Task1.V2", "Tyuiu.AnishchenkoVA.Sprint5.Task1.V2\Tyuiu.AnishchenkoVA.Sprint5.Task1.V2.csproj", "{3D95836B-424F-47E2-A90C-D4CE6C48D256}"
EndProject
Project("{FAE04EC0-301F-11D3-BF4B-00C04F79EFBC}") = "Tyuiu.AnishchenkoVA.Sprint5.Task1.V2.Lib", "Tyuiu.AnishchenkoVA.Sprint5.Task1.V2.Lib\Tyuiu.AnishchenkoVA.Sprint5.Task1.V2.Lib.csproj", "{7E22A34C-185C-4595-BC56-8C250869E034}"
EndProject
Project("{FAE04EC0-301F-11D3-BF4B-00C04F79EFBC}") = "Tyuiu.AnishchenkoVA.Sprint5.Task1.V2.Test", "Tyuiu.AnishchenkoVA.Sprint5.Task1.V2.Test\Tyuiu.AnishchenkoVA.Sprint5.Task1.V2.Test.csproj", "{3E02DCB3-C954-4FDC-9B69-A637548182C6}"
EndProject
Project("{2150E333-8FDC-42A3-9474-1A3956D46DE8}") = "Task2", "Task2", "{38401703-964D-41E5-BFF7-F7DD3C5E2B6B}"
EndProject
Project("{FAE04EC0-301F-11D3-BF4B-00C04F79EFBC}") = "Tyuiu.AnishchenkoVA.Sprint5.Task2.V9", "Tyuiu.AnishchenkoVA.Sprint5.Task2.V9\Tyuiu.AnishchenkoVA.Sprint5.Task2.V9.csproj", "{2543C2EF-A0E9-4123-A1D4-D41801FAF3F1}"
EndProject
Project("{FAE04EC0-301F-11D3-BF4B-00C04F79EFBC}") = "Tyuiu.AnishchenkoVA.Sprint5.Task2.V9.Lib", "Tyuiu.AnishchenkoVA.Sprint5.Task2.V9.Lib\Tyuiu.AnishchenkoVA.Sprint5.Task2.V9.Lib.csproj", "{A0FD694C-49CB-49DC-AFCC-11D0D41550F8}"
EndProject
Project("{FAE04EC0-301F-11D3-BF4B-00C04F79EFBC}") = "Tyuiu.AnishchenkoVA.Sprint5.Task2.V9.Test", "Tyuiu.AnishchenkoVA.Sprint5.Task2.V9.Test\Tyuiu.AnishchenkoVA.Sprint5.Task2.V9.Test.csproj", "{944186C4-DF00-4CFB-A704-32D3CB750CB3}"
EndProject
Project("{2150E333-8FDC-42A3-9474-1A3956D46DE8}") = "Task3", "Task3", "{5CC5603C-190E-4FC4-8AD4-90D29C1C2D83}"
EndProject
Project("{FAE04EC0-301F-11D3-BF4B-00C04F79EFBC}") = "Tyuiu.AnishchenkoVA.Sprint5.Task3.V21", "Tyuiu.AnishchenkoVA.Sprint5.Task3.V21\Tyuiu.AnishchenkoVA.Sprint5.Task3.V21.csproj", "{6FBFF745-F197-4419-9CAF-A2CC588A4C14}"
EndProject
Project("{FAE04EC0-301F-11D3-BF4B-00C04F79EFBC}") = "Tyuiu.AnishchenkoVA.Sprint5.Task3.V21.Lib", "Tyuiu.AnishchenkoVA.Sprint5.Task3.V21.Lib\Tyuiu.AnishchenkoVA.Sprint5.Task3.V21.Lib.csproj", "{08AB40E5-18F1-4496-A7A6-2206CDC7E6A0}"
EndProject
Project("{FAE04EC0-301F-11D3-BF4B-00C04F79EFBC}") = "Tyuiu.AnishchenkoVA.Sprint5.Task3.V21.Test", "Tyuiu.AnishchenkoVA.Sprint5.Task3.V21.Test\Tyuiu.AnishchenkoVA.Sprint5.Task3.V21.Test.csproj", "{29439789-80C9-4339-AAD1-9D6DC1B02FE8}"
EndProject
Project("{2150E333-8FDC-42A3-9474-1A3956D46DE8}") = "Task4", "Task4", "{3717ABAB-395D-49F7-AAB2-91F07A4A9C08}"
EndProject
Project("{FAE04EC0-301F-11D3-BF4B-00C04F79EFBC}") = "Tyuiu.AnishchenkoVA.Sprint5.Task4.V4", "Tyuiu.AnishchenkoVA.Sprint5.Task4.V4\Tyuiu.AnishchenkoVA.Sprint5.Task4.V4.csproj", "{4034EF62-043F-4C76-892F-EC80809AC193}"
EndProject
Project("{FAE04EC0-301F-11D3-BF4B-00C04F79EFBC}") = "Tyuiu.AnishchenkoVA.Sprint5.Task4.V4.Lib", "Tyuiu.AnishchenkoVA.Sprint5.Task4.V4.Lib\Tyuiu.AnishchenkoVA.Sprint5.Task4.V4.Lib.csproj", "{CC707BD2-6B9B-462B-A26F-9DF18FA3217F}"
EndProject
Project("{FAE04EC0-301F-11D3-BF4B-00C04F79EFBC}") = "Tyuiu.AnishchenkoVA.Sprint5.Task4.V4.Test", "Tyuiu.AnishchenkoVA.Sprint5.Task4.V4.Test\Tyuiu.AnishchenkoVA.Sprint5.Task4.V4.Test.csproj", "{2F7A3FFC-0C43-4FE1-8534-0574642A119B}"
EndProject
Project("{2150E333-8FDC-42A3-9474-1A3956D46DE8}") = "Task5", "Task5", "{3F6AB2BC-07B1-49ED-A61C-F27D6A421A80}"
EndProject
Project("{FAE04EC0-301F-11D3-BF4B-00C04F79EFBC}") = "Tyuiu.AnishchenkoVA.Sprint5.Task5.V4", "Tyuiu.AnishchenkoVA.Sprint5.Task5.V4\Tyuiu.AnishchenkoVA.Sprint5.Task5.V4.csproj", "{EC33AE09-AD71-431A-83FE-268E0491CC7D}"
EndProject
Project("{FAE04EC0-301F-11D3-BF4B-00C04F79EFBC}") = "Tyuiu.AnishchenkoVA.Sprint5.Task5.V4.Lib", "Tyuiu.AnishchenkoVA.Sprint5.Task5.V4.Lib\Tyuiu.AnishchenkoVA.Sprint5.Task5.V4.Lib.csproj", "{450DAC23-D6B7-4788-807B-BD990C8218D1}"
EndProject
Project("{FAE04EC0-301F-11D3-BF4B-00C04F79EFBC}") = "Tyuiu.AnishchenkoVA.Sprint5.Task5.V4.Test", "Tyuiu.AnishchenkoVA.Sprint5.Task5.V4.Test\Tyuiu.AnishchenkoVA.Sprint5.Task5.V4.Test.csproj", "{037A299F-E019-4EA7-BA9A-26DE88D89CA9}"
EndProject
Global
	GlobalSection(SolutionConfigurationPlatforms) = preSolution
		Debug|Any CPU = Debug|Any CPU
		Release|Any CPU = Release|Any CPU
	EndGlobalSection
	GlobalSection(ProjectConfigurationPlatforms) = postSolution
		{EF994134-4504-405C-B950-E49A417A54A4}.Debug|Any CPU.ActiveCfg = Debug|Any CPU
		{EF994134-4504-405C-B950-E49A417A54A4}.Debug|Any CPU.Build.0 = Debug|Any CPU
		{EF994134-4504-405C-B950-E49A417A54A4}.Release|Any CPU.ActiveCfg = Release|Any CPU
		{EF994134-4504-405C-B950-E49A417A54A4}.Release|Any CPU.Build.0 = Release|Any CPU
		{22AAFD35-84BE-4E88-927F-4DA109A8A808}.Debug|Any CPU.ActiveCfg = Debug|Any CPU
		{22AAFD35-84BE-4E88-927F-4DA109A8A808}.Debug|Any CPU.Build.0 = Debug|Any CPU
		{22AAFD35-84BE-4E88-927F-4DA109A8A808}.Release|Any CPU.ActiveCfg = Release|Any CPU
		{22AAFD35-84BE-4E88-927F-4DA109A8A808}.Release|Any CPU.Build.0 = Release|Any CPU
		{CF6ACA71-2BB4-4647-8412-508F3C79A409}.Debug|Any CPU.ActiveCfg = Debug|Any CPU
		{CF6ACA71-2BB4-4647-8412-508F3C79A409}.Debug|Any CPU.Build.0 = Debug|Any CPU
		{CF6ACA71-2BB4-4647-8412-508F3C79A409}.Release|Any CPU.ActiveCfg = Release|Any CPU
		{CF6ACA71-2BB4-4647-8412-508F3C79A409}.Release|Any CPU.Build.0 = Release|Any CPU
		{3D95836B-424F-47E2-A90C-D4CE6C48D256}.Debug|Any CPU.ActiveCfg = Debug|Any CPU
		{3D95836B-424F-47E2-A90C-D4CE6C48D256}.Debug|Any CPU.Build.0 = Debug|Any CPU
		{3D95836B-424F-47E2-A90C-D4CE6C48D256}.Release|Any CPU.ActiveCfg = Release|Any CPU
		{3D95836B-424F-47E2-A90C-D4CE6C48D256}.Release|Any CPU.Build.0 = Release|Any CPU
		{7E22A34C-185C-4595-BC56-8C250869E034}.Debug|Any CPU.ActiveCfg = Debug|Any CPU
		{7E22A34C-185C-4595-BC56-8C250869E034}.Debug|Any CPU.Build.0 = Debug|Any CPU
		{7E22A34C-185C-4595-BC56-8C250869E034}.Release|Any CPU.ActiveCfg = Release|Any CPU
		{7E22A34C-185C-4595-BC56-8C250869E034}.Release|Any CPU.Build.0 = Release|Any CPU
		{3E02DCB3-C954-4FDC-9B69-A637548182C6}.Debug|Any CPU.ActiveCfg = Debug|Any CPU
		{3E02DCB3-C954-4FDC-9B69-A637548182C6}.Debug|Any CPU.Build.0 = Debug|Any CPU
		{3E02DCB3-C954-4FDC-9B69-A637548182C6}.Release|Any CPU.ActiveCfg = Release|Any CPU
		{3E02DCB3-C954-4FDC-9B69-A637548182C6}.Release|Any CPU.Build.0 = Release|Any CPU
		{2543C2EF-A0E9-4123-A1D4-D41801FAF3F1}.Debug|Any CPU.ActiveCfg = Debug|Any CPU
		{2543C2EF-A0E9-4123-A1D4-D41801FAF3F1}.Debug|Any CPU.Build.0 = Debug|Any CPU
		{2543C2EF-A0E9-4123-A1D4-D41801FAF3F1}.Release|Any CPU.ActiveCfg = Release|Any CPU
		{2543C2EF-A0E9-4123-A1D4-D41801FAF3F1}.Release|Any CPU.Build.0 = Release|Any CPU
		{A0FD694C-49CB-49DC-AFCC-11D0D41550F8}.Debug|Any CPU.ActiveCfg = Debug|Any CPU
		{A0FD694C-49CB-49DC-AFCC-11D0D41550F8}.Debug|Any CPU.Build.0 = Debug|Any CPU
		{A0FD694C-49CB-49DC-AFCC-11D0D41550F8}.Release|Any CPU.ActiveCfg = Release|Any CPU
		{A0FD694C-49CB-49DC-AFCC-11D0D41550F8}.Release|Any CPU.Build.0 = Release|Any CPU
		{944186C4-DF00-4CFB-A704-32D3CB750CB3}.Debug|Any CPU.ActiveCfg = Debug|Any CPU
		{944186C4-DF00-4CFB-A704-32D3CB750CB3}.Debug|Any CPU.Build.0 = Debug|Any CPU
		{944186C4-DF00-4CFB-A704-32D3CB750CB3}.Release|Any CPU.ActiveCfg = Release|Any CPU
		{944186C4-DF00-4CFB-A704-32D3CB750CB3}.Release|Any CPU.Build.0 = Release|Any CPU
		{6FBFF745-F197-4419-9CAF-A2CC588A4C14}.Debug|Any CPU.ActiveCfg = Debug|Any CPU
		{6FBFF745-F197-4419-9CAF-A2CC588A4C14}.Debug|Any CPU.Build.0 = Debug|Any CPU
		{6FBFF745-F197-4419-9CAF-A2CC588A4C14}.Release|Any CPU.ActiveCfg = Release|Any CPU
		{6FBFF745-F197-4419-9CAF-A2CC588A4C14}.Release|Any CPU.Build.0 = Release|Any CPU
		{08AB40E5-18F1-4496-A7A6-2206CDC7E6A0}.Debug|Any CPU.ActiveCfg = Debug|Any CPU
		{08AB40E5-18F1-4496-A7A6-2206CDC7E6A0}.Debug|Any CPU.Build.0 = Debug|Any CPU
		{08AB40E5-18F1-4496-A7A6-2206CDC7E6A0}.Release|Any CPU.ActiveCfg = Release|Any CPU
		{08AB40E5-18F1-4496-A7A6-2206CDC7E6A0}.Release|Any CPU.Build.0 = Release|Any CPU
		{29439789-80C9-4339-AAD1-9D6DC1B02FE8}.Debug|Any CPU.ActiveCfg = Debug|Any CPU
		{29439789-80C9-4339-AAD1-9D6DC1B02FE8}.Debug|Any CPU.Build.0 = Debug|Any CPU
		{29439789-80C9-4339-AAD1-9D6DC1B02FE8}.Release|Any CPU.ActiveCfg = Release|Any CPU
		{29439789-80C9-4339-AAD1-9D6DC1B02FE8}.Release|Any CPU.Build.0 = Release|Any CPU
		{4034EF62-043F-4C76-892F-EC80809AC193}.Debug|Any CPU.ActiveCfg = Debug|Any CPU
		{4034EF62-043F-4C76-892F-EC80809AC193}.Debug|Any CPU.Build.0 = Debug|Any CPU
		{4034EF62-043F-4C76-892F-EC80809AC193}.Release|Any CPU.ActiveCfg = Release|Any CPU
		{4034EF62-043F-4C76-892F-EC80809AC193}.Release|Any CPU.Build.0 = Release|Any CPU
		{CC707BD2-6B9B-462B-A26F-9DF18FA3217F}.Debug|Any CPU.ActiveCfg = Debug|Any CPU
		{CC707BD2-6B9B-462B-A26F-9DF18FA3217F}.Debug|Any CPU.Build.0 = Debug|Any CPU
		{CC707BD2-6B9B-462B-A26F-9DF18FA3217F}.Release|Any CPU.ActiveCfg = Release|Any CPU
		{CC707BD2-6B9B-462B-A26F-9DF18FA3217F}.Release|Any CPU.Build.0 = Release|Any CPU
		{2F7A3FFC-0C43-4FE1-8534-0574642A119B}.Debug|Any CPU.ActiveCfg = Debug|Any CPU
		{2F7A3FFC-0C43-4FE1-8534-0574642A119B}.Debug|Any CPU.Build.0 = Debug|Any CPU
		{2F7A3FFC-0C43-4FE1-8534-0574642A119B}.Release|Any CPU.ActiveCfg = Release|Any CPU
		{2F7A3FFC-0C43-4FE1-8534-0574642A119B}.Release|Any CPU.Build.0 = Release|Any CPU
		{EC33AE09-AD71-431A-83FE-268E0491CC7D}.Debug|Any CPU.ActiveCfg = Debug|Any CPU
		{EC33AE09-AD71-431A-83FE-268E0491CC7D}.Debug|Any CPU.Build.0 = Debug|Any CPU
		{EC33AE09-AD71-431A-83FE-268E0491CC7D}.Release|Any CPU.ActiveCfg = Release|Any CPU
		{EC33AE09-AD71-431A-83FE-268E0491CC7D}.Release|Any CPU.Build.0 = Release|Any CPU
		{450DAC23-D6B7-4788-807B-BD990C8218D1}.Debug|Any CPU.ActiveCfg = Debug|Any CPU
		{450DAC23-D6B7-4788-807B-BD990C8218D1}.Debug|Any CPU.Build.0 = Debug|Any CPU
		{450DAC23-D6B7-4788-807B-BD990C8218D1}.Release|Any CPU.ActiveCfg = Release|Any CPU
		{450DAC23-D6B7-4788-807B-BD990C8218D1}.Release|Any CPU.Build.0 = Release|Any CPU
		{037A299F-E019-4EA7-BA9A-26DE88D89CA9}.Debug|Any CPU.ActiveCfg = Debug|Any CPU
		{037A299F-E019-4EA7-BA9A-26DE88D89CA9}.Debug|Any CPU.Build.0 = Debug|Any CPU
		{037A299F-E019-4EA7-BA9A-26DE88D89CA9}.Release|Any CPU.ActiveCfg = Release|Any CPU
		{037A299F-E019-4EA7-BA9A-26DE88D89CA9}.Release|Any CPU.Build.0 = Release|Any CPU
	EndGlobalSection
	GlobalSection(SolutionProperties) = preSolution
		HideSolutionNode = FALSE
	EndGlobalSection
	GlobalSection(NestedProjects) = preSolution
		{EF994134-4504-405C-B950-E49A417A54A4} = {211D9F49-9CEF-4C99-AA52-DDAC6B18E234}
		{22AAFD35-84BE-4E88-927F-4DA109A8A808} = {211D9F49-9CEF-4C99-AA52-DDAC6B18E234}
		{CF6ACA71-2BB4-4647-8412-508F3C79A409} = {211D9F49-9CEF-4C99-AA52-DDAC6B18E234}
		{3D95836B-424F-47E2-A90C-D4CE6C48D256} = {8994A2A8-EA22-4170-9535-64DF0E295B7C}
		{7E22A34C-185C-4595-BC56-8C250869E034} = {8994A2A8-EA22-4170-9535-64DF0E295B7C}
		{3E02DCB3-C954-4FDC-9B69-A637548182C6} = {8994A2A8-EA22-4170-9535-64DF0E295B7C}
		{2543C2EF-A0E9-4123-A1D4-D41801FAF3F1} = {38401703-964D-41E5-BFF7-F7DD3C5E2B6B}
		{A0FD694C-49CB-49DC-AFCC-11D0D41550F8} = {38401703-964D-41E5-BFF7-F7DD3C5E2B6B}
		{944186C4-DF00-4CFB-A704-32D3CB750CB3} = {38401703-964D-41E5-BFF7-F7DD3C5E2B6B}
		{6FBFF745-F197-4419-9CAF-A2CC588A4C14} = {5CC5603C-190E-4FC4-8AD4-90D29C1C2D83}
		{08AB40E5-18F1-4496-A7A6-2206CDC7E6A0} = {5CC5603C-190E-4FC4-8AD4-90D29C1C2D83}
		{29439789-80C9-4339-AAD1-9D6DC1B02FE8} = {5CC5603C-190E-4FC4-8AD4-90D29C1C2D83}
		{4034EF62-043F-4C76-892F-EC80809AC193} = {3717ABAB-395D-49F7-AAB2-91F07A4A9C08}
		{CC707BD2-6B9B-462B-A26F-9DF18FA3217F} = {3717ABAB-395D-49F7-AAB2-91F07A4A9C08}
		{2F7A3FFC-0C43-4FE1-8534-0574642A119B} = {3717ABAB-395D-49F7-AAB2-91F07A4A9C08}
		{EC33AE09-AD71-431A-83FE-268E0491CC7D} = {3F6AB2BC-07B1-49ED-A61C-F27D6A421A80}
		{450DAC23-D6B7-4788-807B-BD990C8218D1} = {3F6AB2BC-07B1-49ED-A61C-F27D6A421A80}
		{037A299F-E019-4EA7-BA9A-26DE88D89CA9} = {3F6AB2BC-07B1-49ED-A61C-F27D6A421A80}
	EndGlobalSection
	GlobalSection(ExtensibilityGlobals) = postSolution
		SolutionGuid = {DDE99DE0-F0FB-467B-800B-8C1637AE207B}
	EndGlobalSection
EndGlobal
